
Microsoft Visual Studio Solution File, Format Version 12.00
# Visual Studio Version 16
VisualStudioVersion = 16.0.30611.23
MinimumVisualStudioVersion = 10.0.40219.1
Project("{FAE04EC0-301F-11D3-BF4B-00C04F79EFBC}") = "TDC_data", "TDC_data\TDC_data.csproj", "{76962B8C-214E-4654-8EA6-D973AE77AA9D}"
EndProject
Global
	GlobalSection(SolutionConfigurationPlatforms) = preSolution
		Debug|Any CPU = Debug|Any CPU
		Release|Any CPU = Release|Any CPU
	EndGlobalSection
	GlobalSection(ProjectConfigurationPlatforms) = postSolution
		{76962B8C-214E-4654-8EA6-D973AE77AA9D}.Debug|Any CPU.ActiveCfg = Debug|Any CPU
		{76962B8C-214E-4654-8EA6-D973AE77AA9D}.Debug|Any CPU.Build.0 = Debug|Any CPU
		{76962B8C-214E-4654-8EA6-D973AE77AA9D}.Release|Any CPU.ActiveCfg = Release|Any CPU
		{76962B8C-214E-4654-8EA6-D973AE77AA9D}.Release|Any CPU.Build.0 = Release|Any CPU
	EndGlobalSection
	GlobalSection(SolutionProperties) = preSolution
		HideSolutionNode = FALSE
	EndGlobalSection
	GlobalSection(ExtensibilityGlobals) = postSolution
		SolutionGuid = {971B6CA3-B6B8-4B9F-BE9F-0319D46DC199}
	EndGlobalSection
EndGlobal
